
Microsoft Visual Studio Solution File, Format Version 12.00
# Visual Studio Version 17
VisualStudioVersion = 17.10.35027.167
MinimumVisualStudioVersion = 10.0.40219.1
Project("{FAE04EC0-301F-11D3-BF4B-00C04F79EFBC}") = "NARA20240908", "NARA20240908\NARA20240908.csproj", "{C018C51C-0233-414C-8F82-D677357C4C1D}"
EndProject
Global
	GlobalSection(SolutionConfigurationPlatforms) = preSolution
		Debug|Any CPU = Debug|Any CPU
		Release|Any CPU = Release|Any CPU
	EndGlobalSection
	GlobalSection(ProjectConfigurationPlatforms) = postSolution
		{C018C51C-0233-414C-8F82-D677357C4C1D}.Debug|Any CPU.ActiveCfg = Debug|Any CPU
		{C018C51C-0233-414C-8F82-D677357C4C1D}.Debug|Any CPU.Build.0 = Debug|Any CPU
		{C018C51C-0233-414C-8F82-D677357C4C1D}.Release|Any CPU.ActiveCfg = Release|Any CPU
		{C018C51C-0233-414C-8F82-D677357C4C1D}.Release|Any CPU.Build.0 = Release|Any CPU
	EndGlobalSection
	GlobalSection(SolutionProperties) = preSolution
		HideSolutionNode = FALSE
	EndGlobalSection
	GlobalSection(ExtensibilityGlobals) = postSolution
		SolutionGuid = {AA67D2BA-8031-4E32-9262-14A0434C26A6}
	EndGlobalSection
EndGlobal
